
Microsoft Visual Studio Solution File, Format Version 12.00
# Visual Studio Version 17
VisualStudioVersion = 17.14.37216.2 d17.14
MinimumVisualStudioVersion = 10.0.40219.1
Project("{FAE04EC0-301F-11D3-BF4B-00C04F79EFBC}") = "BooksListView", "BooksListView\BooksListView.csproj", "{BC97FEC8-8B8B-4BC7-8B09-43C527EBD2A6}"
EndProject
Global
	GlobalSection(SolutionConfigurationPlatforms) = preSolution
		Debug|Any CPU = Debug|Any CPU
		Release|Any CPU = Release|Any CPU
	EndGlobalSection
	GlobalSection(ProjectConfigurationPlatforms) = postSolution
		{BC97FEC8-8B8B-4BC7-8B09-43C527EBD2A6}.Debug|Any CPU.ActiveCfg = Debug|Any CPU
		{BC97FEC8-8B8B-4BC7-8B09-43C527EBD2A6}.Debug|Any CPU.Build.0 = Debug|Any CPU
		{BC97FEC8-8B8B-4BC7-8B09-43C527EBD2A6}.Release|Any CPU.ActiveCfg = Release|Any CPU
		{BC97FEC8-8B8B-4BC7-8B09-43C527EBD2A6}.Release|Any CPU.Build.0 = Release|Any CPU
	EndGlobalSection
	GlobalSection(SolutionProperties) = preSolution
		HideSolutionNode = FALSE
	EndGlobalSection
	GlobalSection(ExtensibilityGlobals) = postSolution
		SolutionGuid = {C26DC26F-EDE1-47DA-B58A-0E10C30E9604}
	EndGlobalSection
EndGlobal
